
Microsoft Visual Studio Solution File, Format Version 12.00
# Visual Studio Version 17
VisualStudioVersion = 17.3.32825.248
MinimumVisualStudioVersion = 10.0.40219.1
Project("{FAE04EC0-301F-11D3-BF4B-00C04F79EFBC}") = "Laba_4", "Laba_4\Laba_4.csproj", "{4E5DAE66-6C38-41C0-8051-2AEC5C721AAA}"
EndProject
Global
	GlobalSection(SolutionConfigurationPlatforms) = preSolution
		Debug|Any CPU = Debug|Any CPU
		Release|Any CPU = Release|Any CPU
	EndGlobalSection
	GlobalSection(ProjectConfigurationPlatforms) = postSolution
		{4E5DAE66-6C38-41C0-8051-2AEC5C721AAA}.Debug|Any CPU.ActiveCfg = Debug|Any CPU
		{4E5DAE66-6C38-41C0-8051-2AEC5C721AAA}.Debug|Any CPU.Build.0 = Debug|Any CPU
		{4E5DAE66-6C38-41C0-8051-2AEC5C721AAA}.Release|Any CPU.ActiveCfg = Release|Any CPU
		{4E5DAE66-6C38-41C0-8051-2AEC5C721AAA}.Release|Any CPU.Build.0 = Release|Any CPU
	EndGlobalSection
	GlobalSection(SolutionProperties) = preSolution
		HideSolutionNode = FALSE
	EndGlobalSection
	GlobalSection(ExtensibilityGlobals) = postSolution
		SolutionGuid = {7FFC30AA-5382-4BD8-995D-83D357B4F16D}
	EndGlobalSection
EndGlobal
